
Microsoft Visual Studio Solution File, Format Version 12.00
# Visual Studio Version 17
VisualStudioVersion = 17.14.36310.24 d17.14
MinimumVisualStudioVersion = 10.0.40219.1
Project("{FAE04EC0-301F-11D3-BF4B-00C04F79EFBC}") = "WpfDemo", "WpfDemo\WpfDemo.csproj", "{BEA5CEB8-FC49-4737-9107-FCD5C46AE6D9}"
EndProject
Global
	GlobalSection(SolutionConfigurationPlatforms) = preSolution
		Debug|Any CPU = Debug|Any CPU
		Release|Any CPU = Release|Any CPU
	EndGlobalSection
	GlobalSection(ProjectConfigurationPlatforms) = postSolution
		{BEA5CEB8-FC49-4737-9107-FCD5C46AE6D9}.Debug|Any CPU.ActiveCfg = Debug|Any CPU
		{BEA5CEB8-FC49-4737-9107-FCD5C46AE6D9}.Debug|Any CPU.Build.0 = Debug|Any CPU
		{BEA5CEB8-FC49-4737-9107-FCD5C46AE6D9}.Release|Any CPU.ActiveCfg = Release|Any CPU
		{BEA5CEB8-FC49-4737-9107-FCD5C46AE6D9}.Release|Any CPU.Build.0 = Release|Any CPU
	EndGlobalSection
	GlobalSection(SolutionProperties) = preSolution
		HideSolutionNode = FALSE
	EndGlobalSection
	GlobalSection(ExtensibilityGlobals) = postSolution
		SolutionGuid = {6FABEA9B-4D3E-4620-B834-51C8475BCDD5}
	EndGlobalSection
EndGlobal
